
Microsoft Visual Studio Solution File, Format Version 12.00
# Visual Studio Version 16
VisualStudioVersion = 16.0.808.5
MinimumVisualStudioVersion = 10.0.40219.1
Project("{FAE04EC0-301F-11D3-BF4B-00C04F79EFBC}") = "AcademicEHR.Android", "AcademicEHR.Android\AcademicEHR.Android.csproj", "{4AB61A85-56A6-4424-BC44-BBCAC9CB47E1}"
EndProject
Project("{FAE04EC0-301F-11D3-BF4B-00C04F79EFBC}") = "AcademicEHR.iOS", "AcademicEHR.iOS\AcademicEHR.iOS.csproj", "{925B0DEC-E26F-4D6C-B5BF-F177DF0B919A}"
EndProject
Project("{FAE04EC0-301F-11D3-BF4B-00C04F79EFBC}") = "AcademicEHR", "AcademicEHR\AcademicEHR.csproj", "{F97EC282-3C1B-4C09-BCD7-5878D95EAD17}"
EndProject
Global
	GlobalSection(SolutionConfigurationPlatforms) = preSolution
		Debug|Any CPU = Debug|Any CPU
		Release|Any CPU = Release|Any CPU
		Debug|iPhoneSimulator = Debug|iPhoneSimulator
		Release|iPhoneSimulator = Release|iPhoneSimulator
		Debug|iPhone = Debug|iPhone
		Release|iPhone = Release|iPhone
	EndGlobalSection
	GlobalSection(ProjectConfigurationPlatforms) = postSolution
		{4AB61A85-56A6-4424-BC44-BBCAC9CB47E1}.Debug|Any CPU.ActiveCfg = Debug|Any CPU
		{4AB61A85-56A6-4424-BC44-BBCAC9CB47E1}.Debug|Any CPU.Build.0 = Debug|Any CPU
		{4AB61A85-56A6-4424-BC44-BBCAC9CB47E1}.Release|Any CPU.ActiveCfg = Release|Any CPU
		{4AB61A85-56A6-4424-BC44-BBCAC9CB47E1}.Release|Any CPU.Build.0 = Release|Any CPU
		{4AB61A85-56A6-4424-BC44-BBCAC9CB47E1}.Debug|iPhoneSimulator.ActiveCfg = Debug|Any CPU
		{4AB61A85-56A6-4424-BC44-BBCAC9CB47E1}.Debug|iPhoneSimulator.Build.0 = Debug|Any CPU
		{4AB61A85-56A6-4424-BC44-BBCAC9CB47E1}.Release|iPhoneSimulator.ActiveCfg = Release|Any CPU
		{4AB61A85-56A6-4424-BC44-BBCAC9CB47E1}.Release|iPhoneSimulator.Build.0 = Release|Any CPU
		{4AB61A85-56A6-4424-BC44-BBCAC9CB47E1}.Debug|iPhone.ActiveCfg = Debug|Any CPU
		{4AB61A85-56A6-4424-BC44-BBCAC9CB47E1}.Debug|iPhone.Build.0 = Debug|Any CPU
		{4AB61A85-56A6-4424-BC44-BBCAC9CB47E1}.Release|iPhone.ActiveCfg = Release|Any CPU
		{4AB61A85-56A6-4424-BC44-BBCAC9CB47E1}.Release|iPhone.Build.0 = Release|Any CPU
		{925B0DEC-E26F-4D6C-B5BF-F177DF0B919A}.Debug|Any CPU.ActiveCfg = Debug|iPhoneSimulator
		{925B0DEC-E26F-4D6C-B5BF-F177DF0B919A}.Debug|Any CPU.Build.0 = Debug|iPhoneSimulator
		{925B0DEC-E26F-4D6C-B5BF-F177DF0B919A}.Release|Any CPU.ActiveCfg = Release|iPhoneSimulator
		{925B0DEC-E26F-4D6C-B5BF-F177DF0B919A}.Release|Any CPU.Build.0 = Release|iPhoneSimulator
		{925B0DEC-E26F-4D6C-B5BF-F177DF0B919A}.Debug|iPhoneSimulator.ActiveCfg = Debug|iPhoneSimulator
		{925B0DEC-E26F-4D6C-B5BF-F177DF0B919A}.Debug|iPhoneSimulator.Build.0 = Debug|iPhoneSimulator
		{925B0DEC-E26F-4D6C-B5BF-F177DF0B919A}.Release|iPhoneSimulator.ActiveCfg = Release|iPhoneSimulator
		{925B0DEC-E26F-4D6C-B5BF-F177DF0B919A}.Release|iPhoneSimulator.Build.0 = Release|iPhoneSimulator
		{925B0DEC-E26F-4D6C-B5BF-F177DF0B919A}.Debug|iPhone.ActiveCfg = Debug|iPhone
		{925B0DEC-E26F-4D6C-B5BF-F177DF0B919A}.Debug|iPhone.Build.0 = Debug|iPhone
		{925B0DEC-E26F-4D6C-B5BF-F177DF0B919A}.Release|iPhone.ActiveCfg = Release|iPhone
		{925B0DEC-E26F-4D6C-B5BF-F177DF0B919A}.Release|iPhone.Build.0 = Release|iPhone
		{F97EC282-3C1B-4C09-BCD7-5878D95EAD17}.Debug|Any CPU.ActiveCfg = Debug|Any CPU
		{F97EC282-3C1B-4C09-BCD7-5878D95EAD17}.Debug|Any CPU.Build.0 = Debug|Any CPU
		{F97EC282-3C1B-4C09-BCD7-5878D95EAD17}.Release|Any CPU.ActiveCfg = Release|Any CPU
		{F97EC282-3C1B-4C09-BCD7-5878D95EAD17}.Release|Any CPU.Build.0 = Release|Any CPU
		{F97EC282-3C1B-4C09-BCD7-5878D95EAD17}.Debug|iPhoneSimulator.ActiveCfg = Debug|Any CPU
		{F97EC282-3C1B-4C09-BCD7-5878D95EAD17}.Debug|iPhoneSimulator.Build.0 = Debug|Any CPU
		{F97EC282-3C1B-4C09-BCD7-5878D95EAD17}.Release|iPhoneSimulator.ActiveCfg = Release|Any CPU
		{F97EC282-3C1B-4C09-BCD7-5878D95EAD17}.Release|iPhoneSimulator.Build.0 = Release|Any CPU
		{F97EC282-3C1B-4C09-BCD7-5878D95EAD17}.Debug|iPhone.ActiveCfg = Debug|Any CPU
		{F97EC282-3C1B-4C09-BCD7-5878D95EAD17}.Debug|iPhone.Build.0 = Debug|Any CPU
		{F97EC282-3C1B-4C09-BCD7-5878D95EAD17}.Release|iPhone.ActiveCfg = Release|Any CPU
		{F97EC282-3C1B-4C09-BCD7-5878D95EAD17}.Release|iPhone.Build.0 = Release|Any CPU
	EndGlobalSection
	GlobalSection(SolutionProperties) = preSolution
		HideSolutionNode = FALSE
	EndGlobalSection
	GlobalSection(ExtensibilityGlobals) = postSolution
		SolutionGuid = {76E4F508-8A86-44B9-9288-BF5073473694}
	EndGlobalSection
EndGlobal
